
Microsoft Visual Studio Solution File, Format Version 12.00
# Visual Studio Version 17
VisualStudioVersion = 17.8.34525.116
MinimumVisualStudioVersion = 10.0.40219.1
Project("{FAE04EC0-301F-11D3-BF4B-00C04F79EFBC}") = "LR3_1", "LR3_1\LR3_1.csproj", "{6449FF77-612D-4385-A6DB-6FE1053DE573}"
EndProject
Global
	GlobalSection(SolutionConfigurationPlatforms) = preSolution
		Debug|Any CPU = Debug|Any CPU
		Release|Any CPU = Release|Any CPU
	EndGlobalSection
	GlobalSection(ProjectConfigurationPlatforms) = postSolution
		{6449FF77-612D-4385-A6DB-6FE1053DE573}.Debug|Any CPU.ActiveCfg = Debug|Any CPU
		{6449FF77-612D-4385-A6DB-6FE1053DE573}.Debug|Any CPU.Build.0 = Debug|Any CPU
		{6449FF77-612D-4385-A6DB-6FE1053DE573}.Release|Any CPU.ActiveCfg = Release|Any CPU
		{6449FF77-612D-4385-A6DB-6FE1053DE573}.Release|Any CPU.Build.0 = Release|Any CPU
	EndGlobalSection
	GlobalSection(SolutionProperties) = preSolution
		HideSolutionNode = FALSE
	EndGlobalSection
	GlobalSection(ExtensibilityGlobals) = postSolution
		SolutionGuid = {BFD93986-B66A-4FC6-9B65-FCDF1AB24B0A}
	EndGlobalSection
EndGlobal
