
Microsoft Visual Studio Solution File, Format Version 12.00
# Visual Studio Version 17
VisualStudioVersion = 17.8.34525.116
MinimumVisualStudioVersion = 10.0.40219.1
Project("{FAE04EC0-301F-11D3-BF4B-00C04F79EFBC}") = "lb1", "lb1\lb1.csproj", "{B1FF33F7-EA17-4FAE-8C42-94DCF4692F7C}"
EndProject
Project("{FAE04EC0-301F-11D3-BF4B-00C04F79EFBC}") = "lb2", "lb2\lb2.csproj", "{59D6D82D-B808-4A0E-A4C6-AA7BE733C3A9}"
EndProject
Project("{FAE04EC0-301F-11D3-BF4B-00C04F79EFBC}") = "lb3", "lb3\lb3.csproj", "{C7A19FF2-12E1-413F-8049-1CDB4120612B}"
EndProject
Project("{8BC9CEB8-8B4A-11D0-8D11-00A0C91BC942}") = "lb4", "lb4\lb4.vcxproj", "{E3F7C38C-61B1-4A6D-AD88-2D59BDF12F05}"
EndProject
Global
	GlobalSection(SolutionConfigurationPlatforms) = preSolution
		Debug|Any CPU = Debug|Any CPU
		Debug|ARM64 = Debug|ARM64
		Debug|x64 = Debug|x64
		Debug|x86 = Debug|x86
		Release|Any CPU = Release|Any CPU
		Release|ARM64 = Release|ARM64
		Release|x64 = Release|x64
		Release|x86 = Release|x86
	EndGlobalSection
	GlobalSection(ProjectConfigurationPlatforms) = postSolution
		{B1FF33F7-EA17-4FAE-8C42-94DCF4692F7C}.Debug|Any CPU.ActiveCfg = Debug|Any CPU
		{B1FF33F7-EA17-4FAE-8C42-94DCF4692F7C}.Debug|Any CPU.Build.0 = Debug|Any CPU
		{B1FF33F7-EA17-4FAE-8C42-94DCF4692F7C}.Debug|ARM64.ActiveCfg = Debug|Any CPU
		{B1FF33F7-EA17-4FAE-8C42-94DCF4692F7C}.Debug|ARM64.Build.0 = Debug|Any CPU
		{B1FF33F7-EA17-4FAE-8C42-94DCF4692F7C}.Debug|x64.ActiveCfg = Debug|Any CPU
		{B1FF33F7-EA17-4FAE-8C42-94DCF4692F7C}.Debug|x64.Build.0 = Debug|Any CPU
		{B1FF33F7-EA17-4FAE-8C42-94DCF4692F7C}.Debug|x86.ActiveCfg = Debug|Any CPU
		{B1FF33F7-EA17-4FAE-8C42-94DCF4692F7C}.Debug|x86.Build.0 = Debug|Any CPU
		{B1FF33F7-EA17-4FAE-8C42-94DCF4692F7C}.Release|Any CPU.ActiveCfg = Release|Any CPU
		{B1FF33F7-EA17-4FAE-8C42-94DCF4692F7C}.Release|Any CPU.Build.0 = Release|Any CPU
		{B1FF33F7-EA17-4FAE-8C42-94DCF4692F7C}.Release|ARM64.ActiveCfg = Release|Any CPU
		{B1FF33F7-EA17-4FAE-8C42-94DCF4692F7C}.Release|ARM64.Build.0 = Release|Any CPU
		{B1FF33F7-EA17-4FAE-8C42-94DCF4692F7C}.Release|x64.ActiveCfg = Release|Any CPU
		{B1FF33F7-EA17-4FAE-8C42-94DCF4692F7C}.Release|x64.Build.0 = Release|Any CPU
		{B1FF33F7-EA17-4FAE-8C42-94DCF4692F7C}.Release|x86.ActiveCfg = Release|Any CPU
		{B1FF33F7-EA17-4FAE-8C42-94DCF4692F7C}.Release|x86.Build.0 = Release|Any CPU
		{59D6D82D-B808-4A0E-A4C6-AA7BE733C3A9}.Debug|Any CPU.ActiveCfg = Debug|Any CPU
		{59D6D82D-B808-4A0E-A4C6-AA7BE733C3A9}.Debug|Any CPU.Build.0 = Debug|Any CPU
		{59D6D82D-B808-4A0E-A4C6-AA7BE733C3A9}.Debug|ARM64.ActiveCfg = Debug|Any CPU
		{59D6D82D-B808-4A0E-A4C6-AA7BE733C3A9}.Debug|ARM64.Build.0 = Debug|Any CPU
		{59D6D82D-B808-4A0E-A4C6-AA7BE733C3A9}.Debug|x64.ActiveCfg = Debug|Any CPU
		{59D6D82D-B808-4A0E-A4C6-AA7BE733C3A9}.Debug|x64.Build.0 = Debug|Any CPU
		{59D6D82D-B808-4A0E-A4C6-AA7BE733C3A9}.Debug|x86.ActiveCfg = Debug|Any CPU
		{59D6D82D-B808-4A0E-A4C6-AA7BE733C3A9}.Debug|x86.Build.0 = Debug|Any CPU
		{59D6D82D-B808-4A0E-A4C6-AA7BE733C3A9}.Release|Any CPU.ActiveCfg = Release|Any CPU
		{59D6D82D-B808-4A0E-A4C6-AA7BE733C3A9}.Release|Any CPU.Build.0 = Release|Any CPU
		{59D6D82D-B808-4A0E-A4C6-AA7BE733C3A9}.Release|ARM64.ActiveCfg = Release|Any CPU
		{59D6D82D-B808-4A0E-A4C6-AA7BE733C3A9}.Release|ARM64.Build.0 = Release|Any CPU
		{59D6D82D-B808-4A0E-A4C6-AA7BE733C3A9}.Release|x64.ActiveCfg = Release|Any CPU
		{59D6D82D-B808-4A0E-A4C6-AA7BE733C3A9}.Release|x64.Build.0 = Release|Any CPU
		{59D6D82D-B808-4A0E-A4C6-AA7BE733C3A9}.Release|x86.ActiveCfg = Release|Any CPU
		{59D6D82D-B808-4A0E-A4C6-AA7BE733C3A9}.Release|x86.Build.0 = Release|Any CPU
		{C7A19FF2-12E1-413F-8049-1CDB4120612B}.Debug|Any CPU.ActiveCfg = Debug|Any CPU
		{C7A19FF2-12E1-413F-8049-1CDB4120612B}.Debug|Any CPU.Build.0 = Debug|Any CPU
		{C7A19FF2-12E1-413F-8049-1CDB4120612B}.Debug|ARM64.ActiveCfg = Debug|Any CPU
		{C7A19FF2-12E1-413F-8049-1CDB4120612B}.Debug|ARM64.Build.0 = Debug|Any CPU
		{C7A19FF2-12E1-413F-8049-1CDB4120612B}.Debug|x64.ActiveCfg = Debug|Any CPU
		{C7A19FF2-12E1-413F-8049-1CDB4120612B}.Debug|x64.Build.0 = Debug|Any CPU
		{C7A19FF2-12E1-413F-8049-1CDB4120612B}.Debug|x86.ActiveCfg = Debug|Any CPU
		{C7A19FF2-12E1-413F-8049-1CDB4120612B}.Debug|x86.Build.0 = Debug|Any CPU
		{C7A19FF2-12E1-413F-8049-1CDB4120612B}.Release|Any CPU.ActiveCfg = Release|Any CPU
		{C7A19FF2-12E1-413F-8049-1CDB4120612B}.Release|Any CPU.Build.0 = Release|Any CPU
		{C7A19FF2-12E1-413F-8049-1CDB4120612B}.Release|ARM64.ActiveCfg = Release|Any CPU
		{C7A19FF2-12E1-413F-8049-1CDB4120612B}.Release|ARM64.Build.0 = Release|Any CPU
		{C7A19FF2-12E1-413F-8049-1CDB4120612B}.Release|x64.ActiveCfg = Release|Any CPU
		{C7A19FF2-12E1-413F-8049-1CDB4120612B}.Release|x64.Build.0 = Release|Any CPU
		{C7A19FF2-12E1-413F-8049-1CDB4120612B}.Release|x86.ActiveCfg = Release|Any CPU
		{C7A19FF2-12E1-413F-8049-1CDB4120612B}.Release|x86.Build.0 = Release|Any CPU
		{E3F7C38C-61B1-4A6D-AD88-2D59BDF12F05}.Debug|Any CPU.ActiveCfg = Debug|x64
		{E3F7C38C-61B1-4A6D-AD88-2D59BDF12F05}.Debug|Any CPU.Build.0 = Debug|x64
		{E3F7C38C-61B1-4A6D-AD88-2D59BDF12F05}.Debug|ARM64.ActiveCfg = Debug|ARM64
		{E3F7C38C-61B1-4A6D-AD88-2D59BDF12F05}.Debug|ARM64.Build.0 = Debug|ARM64
		{E3F7C38C-61B1-4A6D-AD88-2D59BDF12F05}.Debug|x64.ActiveCfg = Debug|x64
		{E3F7C38C-61B1-4A6D-AD88-2D59BDF12F05}.Debug|x64.Build.0 = Debug|x64
		{E3F7C38C-61B1-4A6D-AD88-2D59BDF12F05}.Debug|x86.ActiveCfg = Debug|Win32
		{E3F7C38C-61B1-4A6D-AD88-2D59BDF12F05}.Debug|x86.Build.0 = Debug|Win32
		{E3F7C38C-61B1-4A6D-AD88-2D59BDF12F05}.Release|Any CPU.ActiveCfg = Release|x64
		{E3F7C38C-61B1-4A6D-AD88-2D59BDF12F05}.Release|Any CPU.Build.0 = Release|x64
		{E3F7C38C-61B1-4A6D-AD88-2D59BDF12F05}.Release|ARM64.ActiveCfg = Release|ARM64
		{E3F7C38C-61B1-4A6D-AD88-2D59BDF12F05}.Release|ARM64.Build.0 = Release|ARM64
		{E3F7C38C-61B1-4A6D-AD88-2D59BDF12F05}.Release|x64.ActiveCfg = Release|x64
		{E3F7C38C-61B1-4A6D-AD88-2D59BDF12F05}.Release|x64.Build.0 = Release|x64
		{E3F7C38C-61B1-4A6D-AD88-2D59BDF12F05}.Release|x86.ActiveCfg = Release|Win32
		{E3F7C38C-61B1-4A6D-AD88-2D59BDF12F05}.Release|x86.Build.0 = Release|Win32
	EndGlobalSection
	GlobalSection(SolutionProperties) = preSolution
		HideSolutionNode = FALSE
	EndGlobalSection
	GlobalSection(ExtensibilityGlobals) = postSolution
		SolutionGuid = {D4D6B0C2-9CD7-45D4-9BFB-A28421730CAF}
	EndGlobalSection
EndGlobal
